
Microsoft Visual Studio Solution File, Format Version 12.00
# Visual Studio Version 17
VisualStudioVersion = 17.14.36518.9 d17.14
MinimumVisualStudioVersion = 10.0.40219.1
Project("{FAE04EC0-301F-11D3-BF4B-00C04F79EFBC}") = "UTB.eshop25.Web", "UTB.eshop25.Web\UTB.eshop25.Web.csproj", "{B43BA234-5F49-41DF-BCCD-CA7FCFF9FA0F}"
EndProject
Global
	GlobalSection(SolutionConfigurationPlatforms) = preSolution
		Debug|Any CPU = Debug|Any CPU
		Release|Any CPU = Release|Any CPU
	EndGlobalSection
	GlobalSection(ProjectConfigurationPlatforms) = postSolution
		{B43BA234-5F49-41DF-BCCD-CA7FCFF9FA0F}.Debug|Any CPU.ActiveCfg = Debug|Any CPU
		{B43BA234-5F49-41DF-BCCD-CA7FCFF9FA0F}.Debug|Any CPU.Build.0 = Debug|Any CPU
		{B43BA234-5F49-41DF-BCCD-CA7FCFF9FA0F}.Release|Any CPU.ActiveCfg = Release|Any CPU
		{B43BA234-5F49-41DF-BCCD-CA7FCFF9FA0F}.Release|Any CPU.Build.0 = Release|Any CPU
	EndGlobalSection
	GlobalSection(SolutionProperties) = preSolution
		HideSolutionNode = FALSE
	EndGlobalSection
	GlobalSection(ExtensibilityGlobals) = postSolution
		SolutionGuid = {522B7142-E554-4174-BD13-20AAF4BA5966}
	EndGlobalSection
EndGlobal
