
Microsoft Visual Studio Solution File, Format Version 12.00
# Visual Studio Version 17
VisualStudioVersion = 17.14.36518.9 d17.14
MinimumVisualStudioVersion = 10.0.40219.1
Project("{FAE04EC0-301F-11D3-BF4B-00C04F79EFBC}") = "UTB.eshop25.Web", "UTB.eshop25.Web\UTB.eshop25.Web.csproj", "{B43BA234-5F49-41DF-BCCD-CA7FCFF9FA0F}"
EndProject
Project("{FAE04EC0-301F-11D3-BF4B-00C04F79EFBC}") = "UTB.eshop25.Domain", "UTB.eshop25.Domain\UTB.eshop25.Domain.csproj", "{ED878D3B-1622-4AF4-A4AF-9EDBBC86A7E5}"
EndProject
Project("{FAE04EC0-301F-11D3-BF4B-00C04F79EFBC}") = "UTB.eshop25.Infrastructure", "UTB.eshop25.Infrastructure\UTB.eshop25.Infrastructure.csproj", "{0E844ACE-92D6-4064-A976-5084159E71E6}"
EndProject
Project("{FAE04EC0-301F-11D3-BF4B-00C04F79EFBC}") = "UTB.eshop25.Application", "UTB.eshop25.Application\UTB.eshop25.Application.csproj", "{23F35389-6D55-42B8-A468-43CC66F63875}"
EndProject
Global
	GlobalSection(SolutionConfigurationPlatforms) = preSolution
		Debug|Any CPU = Debug|Any CPU
		Release|Any CPU = Release|Any CPU
	EndGlobalSection
	GlobalSection(ProjectConfigurationPlatforms) = postSolution
		{B43BA234-5F49-41DF-BCCD-CA7FCFF9FA0F}.Debug|Any CPU.ActiveCfg = Debug|Any CPU
		{B43BA234-5F49-41DF-BCCD-CA7FCFF9FA0F}.Debug|Any CPU.Build.0 = Debug|Any CPU
		{B43BA234-5F49-41DF-BCCD-CA7FCFF9FA0F}.Release|Any CPU.ActiveCfg = Release|Any CPU
		{B43BA234-5F49-41DF-BCCD-CA7FCFF9FA0F}.Release|Any CPU.Build.0 = Release|Any CPU
		{ED878D3B-1622-4AF4-A4AF-9EDBBC86A7E5}.Debug|Any CPU.ActiveCfg = Debug|Any CPU
		{ED878D3B-1622-4AF4-A4AF-9EDBBC86A7E5}.Debug|Any CPU.Build.0 = Debug|Any CPU
		{ED878D3B-1622-4AF4-A4AF-9EDBBC86A7E5}.Release|Any CPU.ActiveCfg = Release|Any CPU
		{ED878D3B-1622-4AF4-A4AF-9EDBBC86A7E5}.Release|Any CPU.Build.0 = Release|Any CPU
		{0E844ACE-92D6-4064-A976-5084159E71E6}.Debug|Any CPU.ActiveCfg = Debug|Any CPU
		{0E844ACE-92D6-4064-A976-5084159E71E6}.Debug|Any CPU.Build.0 = Debug|Any CPU
		{0E844ACE-92D6-4064-A976-5084159E71E6}.Release|Any CPU.ActiveCfg = Release|Any CPU
		{0E844ACE-92D6-4064-A976-5084159E71E6}.Release|Any CPU.Build.0 = Release|Any CPU
		{23F35389-6D55-42B8-A468-43CC66F63875}.Debug|Any CPU.ActiveCfg = Debug|Any CPU
		{23F35389-6D55-42B8-A468-43CC66F63875}.Debug|Any CPU.Build.0 = Debug|Any CPU
		{23F35389-6D55-42B8-A468-43CC66F63875}.Release|Any CPU.ActiveCfg = Release|Any CPU
		{23F35389-6D55-42B8-A468-43CC66F63875}.Release|Any CPU.Build.0 = Release|Any CPU
	EndGlobalSection
	GlobalSection(SolutionProperties) = preSolution
		HideSolutionNode = FALSE
	EndGlobalSection
	GlobalSection(ExtensibilityGlobals) = postSolution
		SolutionGuid = {522B7142-E554-4174-BD13-20AAF4BA5966}
	EndGlobalSection
EndGlobal
